
Microsoft Visual Studio Solution File, Format Version 12.00
# Visual Studio Version 16
VisualStudioVersion = 16.0.30804.86
MinimumVisualStudioVersion = 10.0.40219.1
Project("{9A19103F-16F7-4668-BE54-9A1E7A4F7556}") = "FactoryMethodProject", "FactoryMethod\FactoryMethodProject.csproj", "{7AC33E00-6A5A-4986-ABB6-4107AF690472}"
EndProject
Project("{9A19103F-16F7-4668-BE54-9A1E7A4F7556}") = "AbstractFactoryProject", "AbstractFactoryProject\AbstractFactoryProject.csproj", "{58950CDA-99E6-4AC8-A3A0-58F4EA05D3AE}"
EndProject
Project("{2150E333-8FDC-42A3-9474-1A3956D46DE8}") = "Criacionais", "Criacionais", "{10A0694C-B6D0-45F4-8343-5395EFCD085B}"
EndProject
Project("{2150E333-8FDC-42A3-9474-1A3956D46DE8}") = "Estruturais", "Estruturais", "{D62923D5-9CDA-4061-83DB-63E009E7CCE4}"
EndProject
Project("{2150E333-8FDC-42A3-9474-1A3956D46DE8}") = "Comportamentais", "Comportamentais", "{01AF8FDA-0A0C-4D5C-AAEA-66CA6764A8AB}"
EndProject
Project("{9A19103F-16F7-4668-BE54-9A1E7A4F7556}") = "Singleton", "Singleton\Singleton.csproj", "{19D8F5FF-3B9C-47CF-BE10-BBD398809B49}"
EndProject
Project("{9A19103F-16F7-4668-BE54-9A1E7A4F7556}") = "Builder", "Builder\Builder.csproj", "{975ECCCB-5A5D-4577-AAB8-3E27BC40D290}"
EndProject
Project("{9A19103F-16F7-4668-BE54-9A1E7A4F7556}") = "Prototype", "Prototype\Prototype.csproj", "{FD9B984C-073E-45AE-86B6-F0AD4C0A67CF}"
EndProject
Project("{9A19103F-16F7-4668-BE54-9A1E7A4F7556}") = "Adapter", "Adapter\Adapter.csproj", "{B2293BF8-1180-4F58-8B90-0861B90E29FA}"
EndProject
Project("{9A19103F-16F7-4668-BE54-9A1E7A4F7556}") = "Flyweight", "Flyweight\Flyweight.csproj", "{45926CE5-579F-46ED-9DA7-D158C9BB768C}"
EndProject
Project("{9A19103F-16F7-4668-BE54-9A1E7A4F7556}") = "Bridge", "Bridge\Bridge.csproj", "{B27E7402-F84E-4520-8C11-2C5869E73818}"
EndProject
Project("{9A19103F-16F7-4668-BE54-9A1E7A4F7556}") = "Composite", "Composite\Composite.csproj", "{66A577D5-F609-4027-8773-FD0B912B0EFF}"
EndProject
Project("{9A19103F-16F7-4668-BE54-9A1E7A4F7556}") = "Decorator", "Decorator\Decorator.csproj", "{144BC07B-BBEF-419E-9374-9AE6F1714D26}"
EndProject
Project("{9A19103F-16F7-4668-BE54-9A1E7A4F7556}") = "Facade", "Facade\Facade.csproj", "{B7ACCA4D-DE30-4F26-8D30-D4DE52FEBBF7}"
EndProject
Project("{9A19103F-16F7-4668-BE54-9A1E7A4F7556}") = "Proxy", "Proxy\Proxy.csproj", "{DC38928F-29E8-4155-B965-035AE6B79227}"
EndProject
Project("{9A19103F-16F7-4668-BE54-9A1E7A4F7556}") = "TemplateMethod", "TemplateMethod\TemplateMethod.csproj", "{1FB7316E-C291-4062-8CBD-D8483C348C02}"
EndProject
Project("{9A19103F-16F7-4668-BE54-9A1E7A4F7556}") = "Interpreter", "Interpreter\Interpreter.csproj", "{E6996C04-C0F9-4450-899D-3E3228B52A8F}"
EndProject
Project("{9A19103F-16F7-4668-BE54-9A1E7A4F7556}") = "Observer", "Observer\Observer.csproj", "{598E8230-E4AA-432A-A864-6FBE03D3737F}"
EndProject
Project("{9A19103F-16F7-4668-BE54-9A1E7A4F7556}") = "Visitor", "Visitor\Visitor.csproj", "{89BF9975-6226-44AC-B3E6-09A3E9FAB43B}"
EndProject
Project("{9A19103F-16F7-4668-BE54-9A1E7A4F7556}") = "Command", "Command\Command.csproj", "{C4D9F6A7-A89C-416A-BD4A-0939CB4541AD}"
EndProject
Project("{9A19103F-16F7-4668-BE54-9A1E7A4F7556}") = "Strategy", "Strategy\Strategy.csproj", "{2D3531EB-E4D2-455D-9EAD-6536027F6663}"
EndProject
Project("{9A19103F-16F7-4668-BE54-9A1E7A4F7556}") = "ChainOfResponsability", "ChainOfResponsability\ChainOfResponsability.csproj", "{4E9172B9-5FBE-44B5-9D0A-480E0A85C90C}"
EndProject
Project("{9A19103F-16F7-4668-BE54-9A1E7A4F7556}") = "Iterator", "Iterator\Iterator.csproj", "{2EF3A0CF-C617-4101-B55B-3C509080FC61}"
EndProject
Project("{9A19103F-16F7-4668-BE54-9A1E7A4F7556}") = "Mediator", "Mediator\Mediator.csproj", "{C665C6D8-1891-4101-80C4-CC0DE276B221}"
EndProject
Project("{9A19103F-16F7-4668-BE54-9A1E7A4F7556}") = "Memento", "Memento\Memento.csproj", "{4BCA03C8-5692-4FED-97E3-A61445026D5F}"
EndProject
Project("{9A19103F-16F7-4668-BE54-9A1E7A4F7556}") = "State", "State\State.csproj", "{BE9F959F-9200-4758-AA86-C12A1BEF5354}"
EndProject
Project("{2150E333-8FDC-42A3-9474-1A3956D46DE8}") = "SOLID", "SOLID", "{C897A208-1078-4AD0-96A6-5991C6295B36}"
EndProject
Project("{2150E333-8FDC-42A3-9474-1A3956D46DE8}") = "POO", "POO", "{5DF929E3-1864-4728-BBE6-1A6C4C66D90D}"
EndProject
Global
	GlobalSection(SolutionConfigurationPlatforms) = preSolution
		Debug|Any CPU = Debug|Any CPU
		Release|Any CPU = Release|Any CPU
	EndGlobalSection
	GlobalSection(ProjectConfigurationPlatforms) = postSolution
		{7AC33E00-6A5A-4986-ABB6-4107AF690472}.Debug|Any CPU.ActiveCfg = Debug|Any CPU
		{7AC33E00-6A5A-4986-ABB6-4107AF690472}.Debug|Any CPU.Build.0 = Debug|Any CPU
		{7AC33E00-6A5A-4986-ABB6-4107AF690472}.Release|Any CPU.ActiveCfg = Release|Any CPU
		{7AC33E00-6A5A-4986-ABB6-4107AF690472}.Release|Any CPU.Build.0 = Release|Any CPU
		{58950CDA-99E6-4AC8-A3A0-58F4EA05D3AE}.Debug|Any CPU.ActiveCfg = Debug|Any CPU
		{58950CDA-99E6-4AC8-A3A0-58F4EA05D3AE}.Debug|Any CPU.Build.0 = Debug|Any CPU
		{58950CDA-99E6-4AC8-A3A0-58F4EA05D3AE}.Release|Any CPU.ActiveCfg = Release|Any CPU
		{58950CDA-99E6-4AC8-A3A0-58F4EA05D3AE}.Release|Any CPU.Build.0 = Release|Any CPU
		{19D8F5FF-3B9C-47CF-BE10-BBD398809B49}.Debug|Any CPU.ActiveCfg = Debug|Any CPU
		{19D8F5FF-3B9C-47CF-BE10-BBD398809B49}.Debug|Any CPU.Build.0 = Debug|Any CPU
		{19D8F5FF-3B9C-47CF-BE10-BBD398809B49}.Release|Any CPU.ActiveCfg = Release|Any CPU
		{19D8F5FF-3B9C-47CF-BE10-BBD398809B49}.Release|Any CPU.Build.0 = Release|Any CPU
		{975ECCCB-5A5D-4577-AAB8-3E27BC40D290}.Debug|Any CPU.ActiveCfg = Debug|Any CPU
		{975ECCCB-5A5D-4577-AAB8-3E27BC40D290}.Debug|Any CPU.Build.0 = Debug|Any CPU
		{975ECCCB-5A5D-4577-AAB8-3E27BC40D290}.Release|Any CPU.ActiveCfg = Release|Any CPU
		{975ECCCB-5A5D-4577-AAB8-3E27BC40D290}.Release|Any CPU.Build.0 = Release|Any CPU
		{FD9B984C-073E-45AE-86B6-F0AD4C0A67CF}.Debug|Any CPU.ActiveCfg = Debug|Any CPU
		{FD9B984C-073E-45AE-86B6-F0AD4C0A67CF}.Debug|Any CPU.Build.0 = Debug|Any CPU
		{FD9B984C-073E-45AE-86B6-F0AD4C0A67CF}.Release|Any CPU.ActiveCfg = Release|Any CPU
		{FD9B984C-073E-45AE-86B6-F0AD4C0A67CF}.Release|Any CPU.Build.0 = Release|Any CPU
		{B2293BF8-1180-4F58-8B90-0861B90E29FA}.Debug|Any CPU.ActiveCfg = Debug|Any CPU
		{B2293BF8-1180-4F58-8B90-0861B90E29FA}.Debug|Any CPU.Build.0 = Debug|Any CPU
		{B2293BF8-1180-4F58-8B90-0861B90E29FA}.Release|Any CPU.ActiveCfg = Release|Any CPU
		{B2293BF8-1180-4F58-8B90-0861B90E29FA}.Release|Any CPU.Build.0 = Release|Any CPU
		{45926CE5-579F-46ED-9DA7-D158C9BB768C}.Debug|Any CPU.ActiveCfg = Debug|Any CPU
		{45926CE5-579F-46ED-9DA7-D158C9BB768C}.Debug|Any CPU.Build.0 = Debug|Any CPU
		{45926CE5-579F-46ED-9DA7-D158C9BB768C}.Release|Any CPU.ActiveCfg = Release|Any CPU
		{45926CE5-579F-46ED-9DA7-D158C9BB768C}.Release|Any CPU.Build.0 = Release|Any CPU
		{B27E7402-F84E-4520-8C11-2C5869E73818}.Debug|Any CPU.ActiveCfg = Debug|Any CPU
		{B27E7402-F84E-4520-8C11-2C5869E73818}.Debug|Any CPU.Build.0 = Debug|Any CPU
		{B27E7402-F84E-4520-8C11-2C5869E73818}.Release|Any CPU.ActiveCfg = Release|Any CPU
		{B27E7402-F84E-4520-8C11-2C5869E73818}.Release|Any CPU.Build.0 = Release|Any CPU
		{66A577D5-F609-4027-8773-FD0B912B0EFF}.Debug|Any CPU.ActiveCfg = Debug|Any CPU
		{66A577D5-F609-4027-8773-FD0B912B0EFF}.Debug|Any CPU.Build.0 = Debug|Any CPU
		{66A577D5-F609-4027-8773-FD0B912B0EFF}.Release|Any CPU.ActiveCfg = Release|Any CPU
		{66A577D5-F609-4027-8773-FD0B912B0EFF}.Release|Any CPU.Build.0 = Release|Any CPU
		{144BC07B-BBEF-419E-9374-9AE6F1714D26}.Debug|Any CPU.ActiveCfg = Debug|Any CPU
		{144BC07B-BBEF-419E-9374-9AE6F1714D26}.Debug|Any CPU.Build.0 = Debug|Any CPU
		{144BC07B-BBEF-419E-9374-9AE6F1714D26}.Release|Any CPU.ActiveCfg = Release|Any CPU
		{144BC07B-BBEF-419E-9374-9AE6F1714D26}.Release|Any CPU.Build.0 = Release|Any CPU
		{B7ACCA4D-DE30-4F26-8D30-D4DE52FEBBF7}.Debug|Any CPU.ActiveCfg = Debug|Any CPU
		{B7ACCA4D-DE30-4F26-8D30-D4DE52FEBBF7}.Debug|Any CPU.Build.0 = Debug|Any CPU
		{B7ACCA4D-DE30-4F26-8D30-D4DE52FEBBF7}.Release|Any CPU.ActiveCfg = Release|Any CPU
		{B7ACCA4D-DE30-4F26-8D30-D4DE52FEBBF7}.Release|Any CPU.Build.0 = Release|Any CPU
		{DC38928F-29E8-4155-B965-035AE6B79227}.Debug|Any CPU.ActiveCfg = Debug|Any CPU
		{DC38928F-29E8-4155-B965-035AE6B79227}.Debug|Any CPU.Build.0 = Debug|Any CPU
		{DC38928F-29E8-4155-B965-035AE6B79227}.Release|Any CPU.ActiveCfg = Release|Any CPU
		{DC38928F-29E8-4155-B965-035AE6B79227}.Release|Any CPU.Build.0 = Release|Any CPU
		{1FB7316E-C291-4062-8CBD-D8483C348C02}.Debug|Any CPU.ActiveCfg = Debug|Any CPU
		{1FB7316E-C291-4062-8CBD-D8483C348C02}.Debug|Any CPU.Build.0 = Debug|Any CPU
		{1FB7316E-C291-4062-8CBD-D8483C348C02}.Release|Any CPU.ActiveCfg = Release|Any CPU
		{1FB7316E-C291-4062-8CBD-D8483C348C02}.Release|Any CPU.Build.0 = Release|Any CPU
		{E6996C04-C0F9-4450-899D-3E3228B52A8F}.Debug|Any CPU.ActiveCfg = Debug|Any CPU
		{E6996C04-C0F9-4450-899D-3E3228B52A8F}.Debug|Any CPU.Build.0 = Debug|Any CPU
		{E6996C04-C0F9-4450-899D-3E3228B52A8F}.Release|Any CPU.ActiveCfg = Release|Any CPU
		{E6996C04-C0F9-4450-899D-3E3228B52A8F}.Release|Any CPU.Build.0 = Release|Any CPU
		{598E8230-E4AA-432A-A864-6FBE03D3737F}.Debug|Any CPU.ActiveCfg = Debug|Any CPU
		{598E8230-E4AA-432A-A864-6FBE03D3737F}.Debug|Any CPU.Build.0 = Debug|Any CPU
		{598E8230-E4AA-432A-A864-6FBE03D3737F}.Release|Any CPU.ActiveCfg = Release|Any CPU
		{598E8230-E4AA-432A-A864-6FBE03D3737F}.Release|Any CPU.Build.0 = Release|Any CPU
		{89BF9975-6226-44AC-B3E6-09A3E9FAB43B}.Debug|Any CPU.ActiveCfg = Debug|Any CPU
		{89BF9975-6226-44AC-B3E6-09A3E9FAB43B}.Debug|Any CPU.Build.0 = Debug|Any CPU
		{89BF9975-6226-44AC-B3E6-09A3E9FAB43B}.Release|Any CPU.ActiveCfg = Release|Any CPU
		{89BF9975-6226-44AC-B3E6-09A3E9FAB43B}.Release|Any CPU.Build.0 = Release|Any CPU
		{C4D9F6A7-A89C-416A-BD4A-0939CB4541AD}.Debug|Any CPU.ActiveCfg = Debug|Any CPU
		{C4D9F6A7-A89C-416A-BD4A-0939CB4541AD}.Debug|Any CPU.Build.0 = Debug|Any CPU
		{C4D9F6A7-A89C-416A-BD4A-0939CB4541AD}.Release|Any CPU.ActiveCfg = Release|Any CPU
		{C4D9F6A7-A89C-416A-BD4A-0939CB4541AD}.Release|Any CPU.Build.0 = Release|Any CPU
		{2D3531EB-E4D2-455D-9EAD-6536027F6663}.Debug|Any CPU.ActiveCfg = Debug|Any CPU
		{2D3531EB-E4D2-455D-9EAD-6536027F6663}.Debug|Any CPU.Build.0 = Debug|Any CPU
		{2D3531EB-E4D2-455D-9EAD-6536027F6663}.Release|Any CPU.ActiveCfg = Release|Any CPU
		{2D3531EB-E4D2-455D-9EAD-6536027F6663}.Release|Any CPU.Build.0 = Release|Any CPU
		{4E9172B9-5FBE-44B5-9D0A-480E0A85C90C}.Debug|Any CPU.ActiveCfg = Debug|Any CPU
		{4E9172B9-5FBE-44B5-9D0A-480E0A85C90C}.Debug|Any CPU.Build.0 = Debug|Any CPU
		{4E9172B9-5FBE-44B5-9D0A-480E0A85C90C}.Release|Any CPU.ActiveCfg = Release|Any CPU
		{4E9172B9-5FBE-44B5-9D0A-480E0A85C90C}.Release|Any CPU.Build.0 = Release|Any CPU
		{2EF3A0CF-C617-4101-B55B-3C509080FC61}.Debug|Any CPU.ActiveCfg = Debug|Any CPU
		{2EF3A0CF-C617-4101-B55B-3C509080FC61}.Debug|Any CPU.Build.0 = Debug|Any CPU
		{2EF3A0CF-C617-4101-B55B-3C509080FC61}.Release|Any CPU.ActiveCfg = Release|Any CPU
		{2EF3A0CF-C617-4101-B55B-3C509080FC61}.Release|Any CPU.Build.0 = Release|Any CPU
		{C665C6D8-1891-4101-80C4-CC0DE276B221}.Debug|Any CPU.ActiveCfg = Debug|Any CPU
		{C665C6D8-1891-4101-80C4-CC0DE276B221}.Debug|Any CPU.Build.0 = Debug|Any CPU
		{C665C6D8-1891-4101-80C4-CC0DE276B221}.Release|Any CPU.ActiveCfg = Release|Any CPU
		{C665C6D8-1891-4101-80C4-CC0DE276B221}.Release|Any CPU.Build.0 = Release|Any CPU
		{4BCA03C8-5692-4FED-97E3-A61445026D5F}.Debug|Any CPU.ActiveCfg = Debug|Any CPU
		{4BCA03C8-5692-4FED-97E3-A61445026D5F}.Debug|Any CPU.Build.0 = Debug|Any CPU
		{4BCA03C8-5692-4FED-97E3-A61445026D5F}.Release|Any CPU.ActiveCfg = Release|Any CPU
		{4BCA03C8-5692-4FED-97E3-A61445026D5F}.Release|Any CPU.Build.0 = Release|Any CPU
		{BE9F959F-9200-4758-AA86-C12A1BEF5354}.Debug|Any CPU.ActiveCfg = Debug|Any CPU
		{BE9F959F-9200-4758-AA86-C12A1BEF5354}.Debug|Any CPU.Build.0 = Debug|Any CPU
		{BE9F959F-9200-4758-AA86-C12A1BEF5354}.Release|Any CPU.ActiveCfg = Release|Any CPU
		{BE9F959F-9200-4758-AA86-C12A1BEF5354}.Release|Any CPU.Build.0 = Release|Any CPU
	EndGlobalSection
	GlobalSection(SolutionProperties) = preSolution
		HideSolutionNode = FALSE
	EndGlobalSection
	GlobalSection(NestedProjects) = preSolution
		{7AC33E00-6A5A-4986-ABB6-4107AF690472} = {10A0694C-B6D0-45F4-8343-5395EFCD085B}
		{58950CDA-99E6-4AC8-A3A0-58F4EA05D3AE} = {10A0694C-B6D0-45F4-8343-5395EFCD085B}
		{19D8F5FF-3B9C-47CF-BE10-BBD398809B49} = {10A0694C-B6D0-45F4-8343-5395EFCD085B}
		{975ECCCB-5A5D-4577-AAB8-3E27BC40D290} = {10A0694C-B6D0-45F4-8343-5395EFCD085B}
		{FD9B984C-073E-45AE-86B6-F0AD4C0A67CF} = {10A0694C-B6D0-45F4-8343-5395EFCD085B}
		{B2293BF8-1180-4F58-8B90-0861B90E29FA} = {D62923D5-9CDA-4061-83DB-63E009E7CCE4}
		{45926CE5-579F-46ED-9DA7-D158C9BB768C} = {D62923D5-9CDA-4061-83DB-63E009E7CCE4}
		{B27E7402-F84E-4520-8C11-2C5869E73818} = {D62923D5-9CDA-4061-83DB-63E009E7CCE4}
		{66A577D5-F609-4027-8773-FD0B912B0EFF} = {D62923D5-9CDA-4061-83DB-63E009E7CCE4}
		{144BC07B-BBEF-419E-9374-9AE6F1714D26} = {D62923D5-9CDA-4061-83DB-63E009E7CCE4}
		{B7ACCA4D-DE30-4F26-8D30-D4DE52FEBBF7} = {D62923D5-9CDA-4061-83DB-63E009E7CCE4}
		{DC38928F-29E8-4155-B965-035AE6B79227} = {D62923D5-9CDA-4061-83DB-63E009E7CCE4}
		{1FB7316E-C291-4062-8CBD-D8483C348C02} = {01AF8FDA-0A0C-4D5C-AAEA-66CA6764A8AB}
		{E6996C04-C0F9-4450-899D-3E3228B52A8F} = {01AF8FDA-0A0C-4D5C-AAEA-66CA6764A8AB}
		{598E8230-E4AA-432A-A864-6FBE03D3737F} = {01AF8FDA-0A0C-4D5C-AAEA-66CA6764A8AB}
		{89BF9975-6226-44AC-B3E6-09A3E9FAB43B} = {01AF8FDA-0A0C-4D5C-AAEA-66CA6764A8AB}
		{C4D9F6A7-A89C-416A-BD4A-0939CB4541AD} = {01AF8FDA-0A0C-4D5C-AAEA-66CA6764A8AB}
		{2D3531EB-E4D2-455D-9EAD-6536027F6663} = {01AF8FDA-0A0C-4D5C-AAEA-66CA6764A8AB}
		{4E9172B9-5FBE-44B5-9D0A-480E0A85C90C} = {01AF8FDA-0A0C-4D5C-AAEA-66CA6764A8AB}
		{2EF3A0CF-C617-4101-B55B-3C509080FC61} = {01AF8FDA-0A0C-4D5C-AAEA-66CA6764A8AB}
		{C665C6D8-1891-4101-80C4-CC0DE276B221} = {01AF8FDA-0A0C-4D5C-AAEA-66CA6764A8AB}
		{4BCA03C8-5692-4FED-97E3-A61445026D5F} = {01AF8FDA-0A0C-4D5C-AAEA-66CA6764A8AB}
		{BE9F959F-9200-4758-AA86-C12A1BEF5354} = {01AF8FDA-0A0C-4D5C-AAEA-66CA6764A8AB}
	EndGlobalSection
	GlobalSection(ExtensibilityGlobals) = postSolution
		SolutionGuid = {3189F332-1E03-4627-8013-31CD844E602C}
	EndGlobalSection
EndGlobal
